
Microsoft Visual Studio Solution File, Format Version 12.00
# Visual Studio Version 17
VisualStudioVersion = 17.11.35219.272
MinimumVisualStudioVersion = 10.0.40219.1
Project("{FAE04EC0-301F-11D3-BF4B-00C04F79EFBC}") = "CRUD APP for test", "CRUD APP for test.csproj", "{B63F5FF8-C5E5-4456-B9DC-DE410D682F73}"
EndProject
Global
	GlobalSection(SolutionConfigurationPlatforms) = preSolution
		Debug|Any CPU = Debug|Any CPU
		Release|Any CPU = Release|Any CPU
	EndGlobalSection
	GlobalSection(ProjectConfigurationPlatforms) = postSolution
		{B63F5FF8-C5E5-4456-B9DC-DE410D682F73}.Debug|Any CPU.ActiveCfg = Debug|Any CPU
		{B63F5FF8-C5E5-4456-B9DC-DE410D682F73}.Debug|Any CPU.Build.0 = Debug|Any CPU
		{B63F5FF8-C5E5-4456-B9DC-DE410D682F73}.Release|Any CPU.ActiveCfg = Release|Any CPU
		{B63F5FF8-C5E5-4456-B9DC-DE410D682F73}.Release|Any CPU.Build.0 = Release|Any CPU
	EndGlobalSection
	GlobalSection(SolutionProperties) = preSolution
		HideSolutionNode = FALSE
	EndGlobalSection
	GlobalSection(ExtensibilityGlobals) = postSolution
		SolutionGuid = {F5ACE30E-3847-4395-A53B-7E9C4DD16E88}
	EndGlobalSection
EndGlobal
